<?xml version="1.0" encoding="utf-8"?>
<Project ToolsVersion="4.0" xmlns="http://schemas.microsoft.com/developer/msbuild/2003">
  <ItemGroup>
    <ClCompile Include="ServiceThread.cpp">
      <Filter>source</Filter>
    </ClCompile>
    <ClCompile Include="Global.cpp">
      <Filter>source</Filter>
    </ClCompile>
    <ClCompile Include="MicroService.cpp">
      <Filter>source</Filter>
    </ClCompile>
    <ClCompile Include="PLOG.cpp">
      <Filter>source</Filter>
    </ClCompile>
    <ClCompile Include="Service_win.cpp">
      <Filter>source</Filter>
    </ClCompile>
    <ClCompile Include="ServiceController.cpp">
      <Filter>source</Filter>
    </ClCompile>
    <ClCompile Include="TaskManager.cpp">
      <Filter>source</Filter>
    </ClCompile>
    <ClCompile Include="ConvertUTF.c">
      <Filter>source</Filter>
    </ClCompile>
  </ItemGroup>
  <ItemGroup>
    <ClInclude Include="base.h">
      <Filter>header</Filter>
    </ClInclude>
    <ClInclude Include="Global.h">
      <Filter>header</Filter>
    </ClInclude>
    <ClInclude Include="Micro_base.h">
      <Filter>header</Filter>
    </ClInclude>
    <ClInclude Include="PLOG.h">
      <Filter>header</Filter>
    </ClInclude>
    <ClInclude Include="scoped_object.h">
      <Filter>header</Filter>
    </ClInclude>
    <ClInclude Include="Service_win.h">
      <Filter>header</Filter>
    </ClInclude>
    <ClInclude Include="ServiceController.h">
      <Filter>header</Filter>
    </ClInclude>
    <ClInclude Include="ServiceEnumerator.h">
      <Filter>header</Filter>
    </ClInclude>
    <ClInclude Include="ServiceThread.h">
      <Filter>header</Filter>
    </ClInclude>
    <ClInclude Include="strings.h">
      <Filter>header</Filter>
    </ClInclude>
    <ClInclude Include="TaskManager.h">
      <Filter>header</Filter>
    </ClInclude>
    <ClInclude Include="ConvertUTF.h">
      <Filter>header</Filter>
    </ClInclude>
    <ClInclude Include="SimpleIni.h">
      <Filter>header</Filter>
    </ClInclude>
  </ItemGroup>
  <ItemGroup>
    <Filter Include="header">
      <UniqueIdentifier>{fe86e7b4-fe6b-418e-8b6c-4c01b33988e8}</UniqueIdentifier>
    </Filter>
    <Filter Include="source">
      <UniqueIdentifier>{2023dddb-3281-4d03-8262-a8da24369b1e}</UniqueIdentifier>
    </Filter>
  </ItemGroup>
</Project>